// !$*UTF8*$!
{
	archiveVersion = 1;
	classes = {
	};
	objectVersion = 46;
	objects = {

/* Begin PBXBuildFile section */
		C913702C1C729AE200659AA1 /* main.c in Sources */ = {isa = PBXBuildFile; fileRef = C913702B1C729AE200659AA1 /* main.c */; };
		C91370341C729B0300659AA1 /* Utility.c in Sources */ = {isa = PBXBuildFile; fileRef = C91370321C729B0300659AA1 /* Utility.c */; };
		C91370371C729B0C00659AA1 /* map.c in Sources */ = {isa = PBXBuildFile; fileRef = C91370351C729B0C00659AA1 /* map.c */; };
		C913703A1C729B1600659AA1 /* path.c in Sources */ = {isa = PBXBuildFile; fileRef = C91370381C729B1600659AA1 /* path.c */; };
		C953196E1C73FE3E00F42870 /* linkedlist.c in Sources */ = {isa = PBXBuildFile; fileRef = C953196C1C73FE3E00F42870 /* linkedlist.c */; };
/* End PBXBuildFile section */

/* Begin PBXCopyFilesBuildPhase section */
		C91370261C729AE200659AA1 /* CopyFiles */ = {
			isa = PBXCopyFilesBuildPhase;
			buildActionMask = 2147483647;
			dstPath = /usr/share/man/man1/;
			dstSubfolderSpec = 0;
			files = (
			);
			runOnlyForDeploymentPostprocessing = 1;
		};
/* End PBXCopyFilesBuildPhase section */

/* Begin PBXFileReference section */
		C91370281C729AE200659AA1 /* Micromouse */ = {isa = PBXFileReference; explicitFileType = "compiled.mach-o.executable"; includeInIndex = 0; path = Micromouse; sourceTree = BUILT_PRODUCTS_DIR; };
		C913702B1C729AE200659AA1 /* main.c */ = {isa = PBXFileReference; lastKnownFileType = sourcecode.c.c; path = main.c; sourceTree = "<group>"; };
		C91370321C729B0300659AA1 /* Utility.c */ = {isa = PBXFileReference; fileEncoding = 4; lastKnownFileType = sourcecode.c.c; path = Utility.c; sourceTree = "<group>"; };
		C91370331C729B0300659AA1 /* Utility.h */ = {isa = PBXFileReference; fileEncoding = 4; lastKnownFileType = sourcecode.c.h; path = Utility.h; sourceTree = "<group>"; };
		C91370351C729B0C00659AA1 /* map.c */ = {isa = PBXFileReference; fileEncoding = 4; lastKnownFileType = sourcecode.c.c; path = map.c; sourceTree = "<group>"; };
		C91370361C729B0C00659AA1 /* map.h */ = {isa = PBXFileReference; fileEncoding = 4; lastKnownFileType = sourcecode.c.h; path = map.h; sourceTree = "<group>"; };
		C91370381C729B1600659AA1 /* path.c */ = {isa = PBXFileReference; fileEncoding = 4; lastKnownFileType = sourcecode.c.c; path = path.c; sourceTree = "<group>"; };
		C91370391C729B1600659AA1 /* path.h */ = {isa = PBXFileReference; fileEncoding = 4; lastKnownFileType = sourcecode.c.h; path = path.h; sourceTree = "<group>"; };
		C953196C1C73FE3E00F42870 /* linkedlist.c */ = {isa = PBXFileReference; fileEncoding = 4; lastKnownFileType = sourcecode.c.c; path = linkedlist.c; sourceTree = "<group>"; };
		C953196D1C73FE3E00F42870 /* linkedlist.h */ = {isa = PBXFileReference; fileEncoding = 4; lastKnownFileType = sourcecode.c.h; path = linkedlist.h; sourceTree = "<group>"; };
/* End PBXFileReference section */

/* Begin PBXFrameworksBuildPhase section */
		C91370251C729AE200659AA1 /* Frameworks */ = {
			isa = PBXFrameworksBuildPhase;
			buildActionMask = 2147483647;
			files = (
			);
			runOnlyForDeploymentPostprocessing = 0;
		};
/* End PBXFrameworksBuildPhase section */

/* Begin PBXGroup section */
		C913701F1C729AE200659AA1 = {
			isa = PBXGroup;
			children = (
				C913702A1C729AE200659AA1 /* Micromouse */,
				C91370291C729AE200659AA1 /* Products */,
			);
			sourceTree = "<group>";
		};
		C91370291C729AE200659AA1 /* Products */ = {
			isa = PBXGroup;
			children = (
				C91370281C729AE200659AA1 /* Micromouse */,
			);
			name = Products;
			sourceTree = "<group>";
		};
		C913702A1C729AE200659AA1 /* Micromouse */ = {
			isa = PBXGroup;
			children = (
				C913702B1C729AE200659AA1 /* main.c */,
				C91370381C729B1600659AA1 /* path.c */,
				C91370391C729B1600659AA1 /* path.h */,
				C91370321C729B0300659AA1 /* Utility.c */,
				C91370331C729B0300659AA1 /* Utility.h */,
				C91370351C729B0C00659AA1 /* map.c */,
				C91370361C729B0C00659AA1 /* map.h */,
				C953196C1C73FE3E00F42870 /* linkedlist.c */,
				C953196D1C73FE3E00F42870 /* linkedlist.h */,
			);
			path = Micromouse;
			sourceTree = "<group>";
		};
/* End PBXGroup section */

/* Begin PBXNativeTarget section */
		C91370271C729AE200659AA1 /* Micromouse */ = {
			isa = PBXNativeTarget;
			buildConfigurationList = C913702F1C729AE200659AA1 /* Build configuration list for PBXNativeTarget "Micromouse" */;
			buildPhases = (
				C91370241C729AE200659AA1 /* Sources */,
				C91370251C729AE200659AA1 /* Frameworks */,
				C91370261C729AE200659AA1 /* CopyFiles */,
			);
			buildRules = (
			);
			dependencies = (
			);
			name = Micromouse;
			productName = Micromouse;
			productReference = C91370281C729AE200659AA1 /* Micromouse */;
			productType = "com.apple.product-type.tool";
		};
/* End PBXNativeTarget section */

/* Begin PBXProject section */
		C91370201C729AE200659AA1 /* Project object */ = {
			isa = PBXProject;
			attributes = {
				LastUpgradeCheck = 0720;
				ORGANIZATIONNAME = "Northeastern-IEEE";
				TargetAttributes = {
					C91370271C729AE200659AA1 = {
						CreatedOnToolsVersion = 7.2.1;
					};
				};
			};
			buildConfigurationList = C91370231C729AE200659AA1 /* Build configuration list for PBXProject "Micromouse" */;
			compatibilityVersion = "Xcode 3.2";
			developmentRegion = English;
			hasScannedForEncodings = 0;
			knownRegions = (
				en,
			);
			mainGroup = C913701F1C729AE200659AA1;
			productRefGroup = C91370291C729AE200659AA1 /* Products */;
			projectDirPath = "";
			projectRoot = "";
			targets = (
				C91370271C729AE200659AA1 /* Micromouse */,
			);
		};
/* End PBXProject section */

/* Begin PBXSourcesBuildPhase section */
		C91370241C729AE200659AA1 /* Sources */ = {
			isa = PBXSourcesBuildPhase;
			buildActionMask = 2147483647;
			files = (
				C913703A1C729B1600659AA1 /* path.c in Sources */,
				C91370371C729B0C00659AA1 /* map.c in Sources */,
				C91370341C729B0300659AA1 /* Utility.c in Sources */,
				C913702C1C729AE200659AA1 /* main.c in Sources */,
				C953196E1C73FE3E00F42870 /* linkedlist.c in Sources */,
			);
			runOnlyForDeploymentPostprocessing = 0;
		};
/* End PBXSourcesBuildPhase section */

/* Begin XCBuildConfiguration section */
		C913702D1C729AE200659AA1 /* Debug */ = {
			isa = XCBuildConfiguration;
			buildSettings = {
				ALWAYS_SEARCH_USER_PATHS = NO;
				CLANG_CXX_LANGUAGE_STANDARD = "gnu++0x";
				CLANG_CXX_LIBRARY = "libc++";
				CLANG_ENABLE_MODULES = YES;
				CLANG_ENABLE_OBJC_ARC = YES;
				CLANG_WARN_BOOL_CONVERSION = YES;
				CLANG_WARN_CONSTANT_CONVERSION = YES;
				CLANG_WARN_DIRECT_OBJC_ISA_USAGE = YES_ERROR;
				CLANG_WARN_EMPTY_BODY = YES;
				CLANG_WARN_ENUM_CONVERSION = YES;
				CLANG_WARN_INT_CONVERSION = YES;
				CLANG_WARN_OBJC_ROOT_CLASS = YES_ERROR;
				CLANG_WARN_UNREACHABLE_CODE = YES;
				CLANG_WARN__DUPLICATE_METHOD_MATCH = YES;
				CODE_SIGN_IDENTITY = "-";
				COPY_PHASE_STRIP = NO;
				DEBUG_INFORMATION_FORMAT = dwarf;
				ENABLE_STRICT_OBJC_MSGSEND = YES;
				ENABLE_TESTABILITY = YES;
				GCC_C_LANGUAGE_STANDARD = gnu99;
				GCC_DYNAMIC_NO_PIC = NO;
				GCC_NO_COMMON_BLOCKS = YES;
				GCC_OPTIMIZATION_LEVEL = 0;
				GCC_PREPROCESSOR_DEFINITIONS = (
					"DEBUG=1",
					"$(inherited)",
				);
				GCC_WARN_64_TO_32_BIT_CONVERSION = YES;
				GCC_WARN_ABOUT_RETURN_TYPE = YES_ERROR;
				GCC_WARN_UNDECLARED_SELECTOR = YES;
				GCC_WARN_UNINITIALIZED_AUTOS = YES_AGGRESSIVE;
				GCC_WARN_UNUSED_FUNCTION = YES;
				GCC_WARN_UNUSED_VARIABLE = YES;
				MACOSX_DEPLOYMENT_TARGET = 10.11;
				MTL_ENABLE_DEBUG_INFO = YES;
				ONLY_ACTIVE_ARCH = YES;
				SDKROOT = macosx;
			};
			name = Debug;
		};
		C913702E1C729AE200659AA1 /* Release */ = {
			isa = XCBuildConfiguration;
			buildSettings = {
				ALWAYS_SEARCH_USER_PATHS = NO;
				CLANG_CXX_LANGUAGE_STANDARD = "gnu++0x";
				CLANG_CXX_LIBRARY = "libc++";
				CLANG_ENABLE_MODULES = YES;
				CLANG_ENABLE_OBJC_ARC = YES;
				CLANG_WARN_BOOL_CONVERSION = YES;
				CLANG_WARN_CONSTANT_CONVERSION = YES;
				CLANG_WARN_DIRECT_OBJC_ISA_USAGE = YES_ERROR;
				CLANG_WARN_EMPTY_BODY = YES;
				CLANG_WARN_ENUM_CONVERSION = YES;
				CLANG_WARN_INT_CONVERSION = YES;
				CLANG_WARN_OBJC_ROOT_CLASS = YES_ERROR;
				CLANG_WARN_UNREACHABLE_CODE = YES;
				CLANG_WARN__DUPLICATE_METHOD_MATCH = YES;
				CODE_SIGN_IDENTITY = "-";
				COPY_PHASE_STRIP = NO;
				DEBUG_INFORMATION_FORMAT = "dwarf-with-dsym";
				ENABLE_NS_ASSERTIONS = NO;
				ENABLE_STRICT_OBJC_MSGSEND = YES;
				GCC_C_LANGUAGE_STANDARD = gnu99;
				GCC_NO_COMMON_BLOCKS = YES;
				GCC_WARN_64_TO_32_BIT_CONVERSION = YES;
				GCC_WARN_ABOUT_RETURN_TYPE = YES_ERROR;
				GCC_WARN_UNDECLARED_SELECTOR = YES;
				GCC_WARN_UNINITIALIZED_AUTOS = YES_AGGRESSIVE;
				GCC_WARN_UNUSED_FUNCTION = YES;
				GCC_WARN_UNUSED_VARIABLE = YES;
				MACOSX_DEPLOYMENT_TARGET = 10.11;
				MTL_ENABLE_DEBUG_INFO = NO;
				SDKROOT = macosx;
			};
			name = Release;
		};
		C91370301C729AE200659AA1 /* Debug */ = {
			isa = XCBuildConfiguration;
			buildSettings = {
				PRODUCT_NAME = "$(TARGET_NAME)";
			};
			name = Debug;
		};
		C91370311C729AE200659AA1 /* Release */ = {
			isa = XCBuildConfiguration;
			buildSettings = {
				PRODUCT_NAME = "$(TARGET_NAME)";
			};
			name = Release;
		};
/* End XCBuildConfiguration section */

/* Begin XCConfigurationList section */
		C91370231C729AE200659AA1 /* Build configuration list for PBXProject "Micromouse" */ = {
			isa = XCConfigurationList;
			buildConfigurations = (
				C913702D1C729AE200659AA1 /* Debug */,
				C913702E1C729AE200659AA1 /* Release */,
			);
			defaultConfigurationIsVisible = 0;
			defaultConfigurationName = Release;
		};
		C913702F1C729AE200659AA1 /* Build configuration list for PBXNativeTarget "Micromouse" */ = {
			isa = XCConfigurationList;
			buildConfigurations = (
				C91370301C729AE200659AA1 /* Debug */,
				C91370311C729AE200659AA1 /* Release */,
			);
			defaultConfigurationIsVisible = 0;
			defaultConfigurationName = Release;
		};
/* End XCConfigurationList section */
	};
	rootObject = C91370201C729AE200659AA1 /* Project object */;
}
